
Microsoft Visual Studio Solution File, Format Version 12.00
# Visual Studio Version 16
VisualStudioVersion = 16.0.30717.126
MinimumVisualStudioVersion = 10.0.40219.1
Project("{FAE04EC0-301F-11D3-BF4B-00C04F79EFBC}") = "Recipes Webiste", "Recipes Website\Recipes Webiste.csproj", "{0EECC31C-B527-4801-83CE-C83539DA882D}"
EndProject
Global
	GlobalSection(SolutionConfigurationPlatforms) = preSolution
		Debug|Any CPU = Debug|Any CPU
		Release|Any CPU = Release|Any CPU
	EndGlobalSection
	GlobalSection(ProjectConfigurationPlatforms) = postSolution
		{0EECC31C-B527-4801-83CE-C83539DA882D}.Debug|Any CPU.ActiveCfg = Debug|Any CPU
		{0EECC31C-B527-4801-83CE-C83539DA882D}.Debug|Any CPU.Build.0 = Debug|Any CPU
		{0EECC31C-B527-4801-83CE-C83539DA882D}.Release|Any CPU.ActiveCfg = Release|Any CPU
		{0EECC31C-B527-4801-83CE-C83539DA882D}.Release|Any CPU.Build.0 = Release|Any CPU
	EndGlobalSection
	GlobalSection(SolutionProperties) = preSolution
		HideSolutionNode = FALSE
	EndGlobalSection
	GlobalSection(ExtensibilityGlobals) = postSolution
		SolutionGuid = {48E4EAB3-3025-4F9D-874A-0C46DCF09632}
	EndGlobalSection
EndGlobal
